
Microsoft Visual Studio Solution File, Format Version 12.00
# Visual Studio Version 16
VisualStudioVersion = 16.0.31624.102
MinimumVisualStudioVersion = 10.0.40219.1
Project("{FAE04EC0-301F-11D3-BF4B-00C04F79EFBC}") = "discordBot", "discordBot\discordBot.csproj", "{1A59B876-C939-4AAE-B663-DC8BAD086984}"
EndProject
Global
	GlobalSection(SolutionConfigurationPlatforms) = preSolution
		Debug|Any CPU = Debug|Any CPU
		Release|Any CPU = Release|Any CPU
	EndGlobalSection
	GlobalSection(ProjectConfigurationPlatforms) = postSolution
		{1A59B876-C939-4AAE-B663-DC8BAD086984}.Debug|Any CPU.ActiveCfg = Debug|Any CPU
		{1A59B876-C939-4AAE-B663-DC8BAD086984}.Debug|Any CPU.Build.0 = Debug|Any CPU
		{1A59B876-C939-4AAE-B663-DC8BAD086984}.Release|Any CPU.ActiveCfg = Release|Any CPU
		{1A59B876-C939-4AAE-B663-DC8BAD086984}.Release|Any CPU.Build.0 = Release|Any CPU
	EndGlobalSection
	GlobalSection(SolutionProperties) = preSolution
		HideSolutionNode = FALSE
	EndGlobalSection
	GlobalSection(ExtensibilityGlobals) = postSolution
		SolutionGuid = {A2F6A89A-A26D-4575-A3F0-DF7352345566}
	EndGlobalSection
EndGlobal
